
Microsoft Visual Studio Solution File, Format Version 12.00
# Visual Studio Version 17
VisualStudioVersion = 17.13.35931.197
MinimumVisualStudioVersion = 10.0.40219.1
Project("{54A90642-561A-4BB1-A94E-469ADEE60C69}") = "musicnotesweb.client", "musicnotesweb.client\musicnotesweb.client.esproj", "{3067BCEC-4AFD-53D3-6ACD-6B64298098FA}"
EndProject
Project("{FAE04EC0-301F-11D3-BF4B-00C04F79EFBC}") = "MusicNotesWeb", "MusicNotesWeb.Server\MusicNotesWeb.csproj", "{2E86A71F-8FF3-4F3D-8C23-1B2283BBCEB1}"
EndProject
Project("{FAE04EC0-301F-11D3-BF4B-00C04F79EFBC}") = "MusicNotesWeb.Application", "MusicNotesWeb.Application\MusicNotesWeb.Application.csproj", "{5E7F1649-0A57-45BD-96C2-572B599078EF}"
EndProject
Project("{FAE04EC0-301F-11D3-BF4B-00C04F79EFBC}") = "MusicNotesWeb.Infrastructure", "MusicNotesWeb.Infrastructure\MusicNotesWeb.Infrastructure.csproj", "{A6642944-D6BF-421B-802C-2B79555BADAE}"
EndProject
Project("{FAE04EC0-301F-11D3-BF4B-00C04F79EFBC}") = "MusicNotesWeb.Entity", "MusicNotesWeb.Entity\MusicNotesWeb.Entity.csproj", "{C6944770-E01E-4E70-97D5-DC8B4A0EE589}"
EndProject
Global
	GlobalSection(SolutionConfigurationPlatforms) = preSolution
		Debug|Any CPU = Debug|Any CPU
		Release|Any CPU = Release|Any CPU
	EndGlobalSection
	GlobalSection(ProjectConfigurationPlatforms) = postSolution
		{3067BCEC-4AFD-53D3-6ACD-6B64298098FA}.Debug|Any CPU.ActiveCfg = Debug|Any CPU
		{3067BCEC-4AFD-53D3-6ACD-6B64298098FA}.Debug|Any CPU.Build.0 = Debug|Any CPU
		{3067BCEC-4AFD-53D3-6ACD-6B64298098FA}.Debug|Any CPU.Deploy.0 = Debug|Any CPU
		{3067BCEC-4AFD-53D3-6ACD-6B64298098FA}.Release|Any CPU.ActiveCfg = Release|Any CPU
		{3067BCEC-4AFD-53D3-6ACD-6B64298098FA}.Release|Any CPU.Build.0 = Release|Any CPU
		{3067BCEC-4AFD-53D3-6ACD-6B64298098FA}.Release|Any CPU.Deploy.0 = Release|Any CPU
		{2E86A71F-8FF3-4F3D-8C23-1B2283BBCEB1}.Debug|Any CPU.ActiveCfg = Debug|Any CPU
		{2E86A71F-8FF3-4F3D-8C23-1B2283BBCEB1}.Debug|Any CPU.Build.0 = Debug|Any CPU
		{2E86A71F-8FF3-4F3D-8C23-1B2283BBCEB1}.Release|Any CPU.ActiveCfg = Release|Any CPU
		{2E86A71F-8FF3-4F3D-8C23-1B2283BBCEB1}.Release|Any CPU.Build.0 = Release|Any CPU
		{5E7F1649-0A57-45BD-96C2-572B599078EF}.Debug|Any CPU.ActiveCfg = Debug|Any CPU
		{5E7F1649-0A57-45BD-96C2-572B599078EF}.Debug|Any CPU.Build.0 = Debug|Any CPU
		{5E7F1649-0A57-45BD-96C2-572B599078EF}.Release|Any CPU.ActiveCfg = Release|Any CPU
		{5E7F1649-0A57-45BD-96C2-572B599078EF}.Release|Any CPU.Build.0 = Release|Any CPU
		{A6642944-D6BF-421B-802C-2B79555BADAE}.Debug|Any CPU.ActiveCfg = Debug|Any CPU
		{A6642944-D6BF-421B-802C-2B79555BADAE}.Debug|Any CPU.Build.0 = Debug|Any CPU
		{A6642944-D6BF-421B-802C-2B79555BADAE}.Release|Any CPU.ActiveCfg = Release|Any CPU
		{A6642944-D6BF-421B-802C-2B79555BADAE}.Release|Any CPU.Build.0 = Release|Any CPU
		{C6944770-E01E-4E70-97D5-DC8B4A0EE589}.Debug|Any CPU.ActiveCfg = Debug|Any CPU
		{C6944770-E01E-4E70-97D5-DC8B4A0EE589}.Debug|Any CPU.Build.0 = Debug|Any CPU
		{C6944770-E01E-4E70-97D5-DC8B4A0EE589}.Release|Any CPU.ActiveCfg = Release|Any CPU
		{C6944770-E01E-4E70-97D5-DC8B4A0EE589}.Release|Any CPU.Build.0 = Release|Any CPU
	EndGlobalSection
	GlobalSection(SolutionProperties) = preSolution
		HideSolutionNode = FALSE
	EndGlobalSection
	GlobalSection(ExtensibilityGlobals) = postSolution
		SolutionGuid = {1A29810D-264E-47EA-9237-7A9DD0A6522E}
	EndGlobalSection
EndGlobal
